
Microsoft Visual Studio Solution File, Format Version 12.00
# Visual Studio Version 17
VisualStudioVersion = 17.2.32616.157
MinimumVisualStudioVersion = 10.0.40219.1
Project("{FAE04EC0-301F-11D3-BF4B-00C04F79EFBC}") = "UploadTemplateGenerator", "UploadTemplateGenerator\UploadTemplateGenerator.csproj", "{05ED71D5-E32E-443A-A899-DD1CB47C2BAF}"
EndProject
Global
	GlobalSection(SolutionConfigurationPlatforms) = preSolution
		Debug|Any CPU = Debug|Any CPU
		Release|Any CPU = Release|Any CPU
	EndGlobalSection
	GlobalSection(ProjectConfigurationPlatforms) = postSolution
		{05ED71D5-E32E-443A-A899-DD1CB47C2BAF}.Debug|Any CPU.ActiveCfg = Debug|Any CPU
		{05ED71D5-E32E-443A-A899-DD1CB47C2BAF}.Debug|Any CPU.Build.0 = Debug|Any CPU
		{05ED71D5-E32E-443A-A899-DD1CB47C2BAF}.Release|Any CPU.ActiveCfg = Release|Any CPU
		{05ED71D5-E32E-443A-A899-DD1CB47C2BAF}.Release|Any CPU.Build.0 = Release|Any CPU
	EndGlobalSection
	GlobalSection(SolutionProperties) = preSolution
		HideSolutionNode = FALSE
	EndGlobalSection
	GlobalSection(ExtensibilityGlobals) = postSolution
		SolutionGuid = {F2EFADBA-9D09-42A1-A1E5-C455787C3E75}
	EndGlobalSection
EndGlobal
